{
  "name": "eicoincap",
  "lockfileVersion": 3,
  "requires": true,
  "packages": {
    "": {
      "dependencies": {
        "ag-grid-angular": "^33.1.1",
        "class-variance-authority": "^0.7.1",
        "clsx": "^2.1.1",
        "lucide-react": "^0.475.0",
        "tailwind-merge": "^3.0.2",
        "tailwindcss-animate": "^1.0.7"
      }
    },
    "node_modules/@angular/common": {
      "version": "19.1.7",
      "resolved": "https://registry.npmjs.org/@angular/common/-/common-19.1.7.tgz",
      "integrity": "sha512-MXfUGfWeesTQ12HXgeoVIXsS+r1jZxT2FkLQtqS+NRsRD4T1vlyvD7kTI+Ku1NAjdt3mB8TJ0cZHubvmml8I+Q==",
      "license": "MIT",
      "peer": true,
      "dependencies": {
        "tslib": "^2.3.0"
      },
      "engines": {
        "node": "^18.19.1 || ^20.11.1 || >=22.0.0"
      },
      "peerDependencies": {
        "@angular/core": "19.1.7",
        "rxjs": "^6.5.3 || ^7.4.0"
      }
    },
    "node_modules/@angular/core": {
      "version": "19.1.7",
      "resolved": "https://registry.npmjs.org/@angular/core/-/core-19.1.7.tgz",
      "integrity": "sha512-P+e4ekJYWMFhWSzJav0R51bFAfUhIOmnqmG9mlI/ZONu2qcTTmyIG9AW5x1qhrMHEH42RaeK60RkKyqgcHaGDg==",
      "license": "MIT",
      "peer": true,
      "dependencies": {
        "tslib": "^2.3.0"
      },
      "engines": {
        "node": "^18.19.1 || ^20.11.1 || >=22.0.0"
      },
      "peerDependencies": {
        "rxjs": "^6.5.3 || ^7.4.0",
        "zone.js": "~0.15.0"
      }
    },
    "node_modules/ag-charts-types": {
      "version": "11.1.1",
      "resolved": "https://registry.npmjs.org/ag-charts-types/-/ag-charts-types-11.1.1.tgz",
      "integrity": "sha512-bRmUcf5VVhEEekhX8Vk0NSwa8Te8YM/zchjyYKR2CX4vDYiwoohM1Jg9RFvbIhVbLC1S6QrPEbx5v2C6RDfpSA==",
      "license": "MIT"
    },
    "node_modules/ag-grid-angular": {
      "version": "33.1.1",
      "resolved": "https://registry.npmjs.org/ag-grid-angular/-/ag-grid-angular-33.1.1.tgz",
      "integrity": "sha512-6U0oM4ofcXB1q318dYkWnsFuz6Ne2aKZ9E8A+6IPsx5/9UaF9VlBaA2hIlKXDf2O1JPdoO6gnkm81OAyVu81wQ==",
      "license": "MIT",
      "dependencies": {
        "ag-grid-community": "33.1.1",
        "tslib": "^2.3.0"
      },
      "peerDependencies": {
        "@angular/common": ">= 17.0.0",
        "@angular/core": ">= 17.0.0"
      }
    },
    "node_modules/ag-grid-community": {
      "version": "33.1.1",
      "resolved": "https://registry.npmjs.org/ag-grid-community/-/ag-grid-community-33.1.1.tgz",
      "integrity": "sha512-CNubIro0ipj4nfQ5WJPG9Isp7UI6MMDvNzrPdHNf3W+IoM8Uv3RUhjEn7xQqpQHuu6o/tMjrqpacipMUkhzqnw==",
      "license": "MIT",
      "dependencies": {
        "ag-charts-types": "11.1.1"
      }
    },
    "node_modules/class-variance-authority": {
      "version": "0.7.1",
      "resolved": "https://registry.npmjs.org/class-variance-authority/-/class-variance-authority-0.7.1.tgz",
      "integrity": "sha512-Ka+9Trutv7G8M6WT6SeiRWz792K5qEqIGEGzXKhAE6xOWAY6pPH8U+9IY3oCMv6kqTmLsv7Xh/2w2RigkePMsg==",
      "license": "Apache-2.0",
      "dependencies": {
        "clsx": "^2.1.1"
      },
      "funding": {
        "url": "https://polar.sh/cva"
      }
    },
    "node_modules/clsx": {
      "version": "2.1.1",
      "resolved": "https://registry.npmjs.org/clsx/-/clsx-2.1.1.tgz",
      "integrity": "sha512-eYm0QWBtUrBWZWG0d386OGAw16Z995PiOVo2B7bjWSbHedGl5e0ZWaq65kOGgUSNesEIDkB9ISbTg/JK9dhCZA==",
      "license": "MIT",
      "engines": {
        "node": ">=6"
      }
    },
    "node_modules/lucide-react": {
      "version": "0.475.0",
      "resolved": "https://registry.npmjs.org/lucide-react/-/lucide-react-0.475.0.tgz",
      "integrity": "sha512-NJzvVu1HwFVeZ+Gwq2q00KygM1aBhy/ZrhY9FsAgJtpB+E4R7uxRk9M2iKvHa6/vNxZydIB59htha4c2vvwvVg==",
      "license": "ISC",
      "peerDependencies": {
        "react": "^16.5.1 || ^17.0.0 || ^18.0.0 || ^19.0.0"
      }
    },
    "node_modules/react": {
      "version": "19.0.0",
      "resolved": "https://registry.npmjs.org/react/-/react-19.0.0.tgz",
      "integrity": "sha512-V8AVnmPIICiWpGfm6GLzCR/W5FXLchHop40W4nXBmdlEceh16rCN8O8LNWm5bh5XUX91fh7KpA+W0TgMKmgTpQ==",
      "license": "MIT",
      "peer": true,
      "engines": {
        "node": ">=0.10.0"
      }
    },
    "node_modules/rxjs": {
      "version": "7.8.2",
      "resolved": "https://registry.npmjs.org/rxjs/-/rxjs-7.8.2.tgz",
      "integrity": "sha512-dhKf903U/PQZY6boNNtAGdWbG85WAbjT/1xYoZIC7FAY0yWapOBQVsVrDl58W86//e1VpMNBtRV4MaXfdMySFA==",
      "license": "Apache-2.0",
      "peer": true,
      "dependencies": {
        "tslib": "^2.1.0"
      }
    },
    "node_modules/tailwind-merge": {
      "version": "3.0.2",
      "resolved": "https://registry.npmjs.org/tailwind-merge/-/tailwind-merge-3.0.2.tgz",
      "integrity": "sha512-l7z+OYZ7mu3DTqrL88RiKrKIqO3NcpEO8V/Od04bNpvk0kiIFndGEoqfuzvj4yuhRkHKjRkII2z+KS2HfPcSxw==",
      "license": "MIT",
      "funding": {
        "type": "github",
        "url": "https://github.com/sponsors/dcastil"
      }
    },
    "node_modules/tailwindcss": {
      "version": "4.0.8",
      "resolved": "https://registry.npmjs.org/tailwindcss/-/tailwindcss-4.0.8.tgz",
      "integrity": "sha512-Me7N5CKR+D2A1xdWA5t5+kjjT7bwnxZOE6/yDI/ixJdJokszsn2n++mdU5yJwrsTpqFX2B9ZNMBJDwcqk9C9lw==",
      "license": "MIT",
      "peer": true
    },
    "node_modules/tailwindcss-animate": {
      "version": "1.0.7",
      "resolved": "https://registry.npmjs.org/tailwindcss-animate/-/tailwindcss-animate-1.0.7.tgz",
      "integrity": "sha512-bl6mpH3T7I3UFxuvDEXLxy/VuFxBk5bbzplh7tXI68mwMokNYd1t9qPBHlnyTwfa4JGC4zP516I1hYYtQ/vspA==",
      "license": "MIT",
      "peerDependencies": {
        "tailwindcss": ">=3.0.0 || insiders"
      }
    },
    "node_modules/tslib": {
      "version": "2.8.1",
      "resolved": "https://registry.npmjs.org/tslib/-/tslib-2.8.1.tgz",
      "integrity": "sha512-oJFu94HQb+KVduSUQL7wnpmqnfmLsOA/nAh6b6EH0wCEoK0/mPeXU6c3wKDV83MkOuHPRHtSXKKU99IBazS/2w==",
      "license": "0BSD"
    },
    "node_modules/zone.js": {
      "version": "0.15.0",
      "resolved": "https://registry.npmjs.org/zone.js/-/zone.js-0.15.0.tgz",
      "integrity": "sha512-9oxn0IIjbCZkJ67L+LkhYWRyAy7axphb3VgE2MBDlOqnmHMPWGYMxJxBYFueFq/JGY2GMwS0rU+UCLunEmy5UA==",
      "license": "MIT",
      "peer": true
    }
  }
}
